
Microsoft Visual Studio Solution File, Format Version 12.00
# Visual Studio 15
VisualStudioVersion = 15.0.28307.168
MinimumVisualStudioVersion = 10.0.40219.1
Project("{8BC9CEB8-8B4A-11D0-8D11-00A0C91BC942}") = "hook", "hook\hook.vcxproj", "{5241463A-1B3E-431D-9D92-0BD6D11DB754}"
EndProject
Project("{8BC9CEB8-8B4A-11D0-8D11-00A0C91BC942}") = "hookdll", "hookdll\hookdll.vcxproj", "{A7E5041F-12B0-4AD3-8255-5F08C19529EB}"
EndProject
Global
	GlobalSection(SolutionConfigurationPlatforms) = preSolution
		Debug|x64 = Debug|x64
		Debug|x86 = Debug|x86
		Release|x64 = Release|x64
		Release|x86 = Release|x86
	EndGlobalSection
	GlobalSection(ProjectConfigurationPlatforms) = postSolution
		{5241463A-1B3E-431D-9D92-0BD6D11DB754}.Debug|x64.ActiveCfg = Debug|x64
		{5241463A-1B3E-431D-9D92-0BD6D11DB754}.Debug|x64.Build.0 = Debug|x64
		{5241463A-1B3E-431D-9D92-0BD6D11DB754}.Debug|x86.ActiveCfg = Debug|Win32
		{5241463A-1B3E-431D-9D92-0BD6D11DB754}.Debug|x86.Build.0 = Debug|Win32
		{5241463A-1B3E-431D-9D92-0BD6D11DB754}.Release|x64.ActiveCfg = Release|x64
		{5241463A-1B3E-431D-9D92-0BD6D11DB754}.Release|x64.Build.0 = Release|x64
		{5241463A-1B3E-431D-9D92-0BD6D11DB754}.Release|x86.ActiveCfg = Release|Win32
		{5241463A-1B3E-431D-9D92-0BD6D11DB754}.Release|x86.Build.0 = Release|Win32
		{A7E5041F-12B0-4AD3-8255-5F08C19529EB}.Debug|x64.ActiveCfg = Debug|x64
		{A7E5041F-12B0-4AD3-8255-5F08C19529EB}.Debug|x64.Build.0 = Debug|x64
		{A7E5041F-12B0-4AD3-8255-5F08C19529EB}.Debug|x86.ActiveCfg = Debug|Win32
		{A7E5041F-12B0-4AD3-8255-5F08C19529EB}.Debug|x86.Build.0 = Debug|Win32
		{A7E5041F-12B0-4AD3-8255-5F08C19529EB}.Release|x64.ActiveCfg = Release|x64
		{A7E5041F-12B0-4AD3-8255-5F08C19529EB}.Release|x64.Build.0 = Release|x64
		{A7E5041F-12B0-4AD3-8255-5F08C19529EB}.Release|x86.ActiveCfg = Release|Win32
		{A7E5041F-12B0-4AD3-8255-5F08C19529EB}.Release|x86.Build.0 = Release|Win32
	EndGlobalSection
	GlobalSection(SolutionProperties) = preSolution
		HideSolutionNode = FALSE
	EndGlobalSection
	GlobalSection(ExtensibilityGlobals) = postSolution
		SolutionGuid = {C24447DC-E849-454D-BA2F-69D8482A10A4}
	EndGlobalSection
EndGlobal
